
Microsoft Visual Studio Solution File, Format Version 12.00
# Visual Studio Version 16
VisualStudioVersion = 16.0.30104.148
MinimumVisualStudioVersion = 10.0.40219.1
Project("{FAE04EC0-301F-11D3-BF4B-00C04F79EFBC}") = "BookRentalPortal", "BookRentalPortal\BookRentalPortal.csproj", "{FECC1B56-5313-45B8-B588-E76601A9984B}"
EndProject
Global
	GlobalSection(SolutionConfigurationPlatforms) = preSolution
		Debug|Any CPU = Debug|Any CPU
		Release|Any CPU = Release|Any CPU
	EndGlobalSection
	GlobalSection(ProjectConfigurationPlatforms) = postSolution
		{FECC1B56-5313-45B8-B588-E76601A9984B}.Debug|Any CPU.ActiveCfg = Debug|Any CPU
		{FECC1B56-5313-45B8-B588-E76601A9984B}.Debug|Any CPU.Build.0 = Debug|Any CPU
		{FECC1B56-5313-45B8-B588-E76601A9984B}.Release|Any CPU.ActiveCfg = Release|Any CPU
		{FECC1B56-5313-45B8-B588-E76601A9984B}.Release|Any CPU.Build.0 = Release|Any CPU
	EndGlobalSection
	GlobalSection(SolutionProperties) = preSolution
		HideSolutionNode = FALSE
	EndGlobalSection
	GlobalSection(ExtensibilityGlobals) = postSolution
		SolutionGuid = {BAB70372-6DF4-4528-A8DB-D5D0C865868A}
	EndGlobalSection
EndGlobal
